Microsoft Visual Studio Solution File, Format Version 12.00
# Visual Studio Version 17
VisualStudioVersion = 17.5.2.0
MinimumVisualStudioVersion = 10.0.40219.1
Project("{FAE04EC0-301F-11D3-BF4B-00C04F79EFBC}") = "TheatreApi", "TheatreApi\TheatreApi.csproj", "{5C390DF6-DE65-1629-E2FA-0678F3F3E425}"
EndProject
Global
	GlobalSection(SolutionConfigurationPlatforms) = preSolution
		Debug|Any CPU = Debug|Any CPU
		Release|Any CPU = Release|Any CPU
	EndGlobalSection
	GlobalSection(ProjectConfigurationPlatforms) = postSolution
		{5C390DF6-DE65-1629-E2FA-0678F3F3E425}.Debug|Any CPU.ActiveCfg = Debug|Any CPU
		{5C390DF6-DE65-1629-E2FA-0678F3F3E425}.Debug|Any CPU.Build.0 = Debug|Any CPU
		{5C390DF6-DE65-1629-E2FA-0678F3F3E425}.Release|Any CPU.ActiveCfg = Release|Any CPU
		{5C390DF6-DE65-1629-E2FA-0678F3F3E425}.Release|Any CPU.Build.0 = Release|Any CPU
	EndGlobalSection
	GlobalSection(SolutionProperties) = preSolution
		HideSolutionNode = FALSE
	EndGlobalSection
	GlobalSection(ExtensibilityGlobals) = postSolution
		SolutionGuid = {6F6D9AB7-277D-4FA7-A065-336218F9366A}
	EndGlobalSection
EndGlobal
